
Microsoft Visual Studio Solution File, Format Version 12.00
# Visual Studio Version 16
VisualStudioVersion = 16.0.30413.136
MinimumVisualStudioVersion = 10.0.40219.1
Project("{FAE04EC0-301F-11D3-BF4B-00C04F79EFBC}") = "Zamestnanec", "Zamestnanec\Zamestnanec.csproj", "{F4B5CE86-1960-4635-B889-AB6137EBCC57}"
EndProject
Global
	GlobalSection(SolutionConfigurationPlatforms) = preSolution
		Debug|Any CPU = Debug|Any CPU
		Release|Any CPU = Release|Any CPU
	EndGlobalSection
	GlobalSection(ProjectConfigurationPlatforms) = postSolution
		{F4B5CE86-1960-4635-B889-AB6137EBCC57}.Debug|Any CPU.ActiveCfg = Debug|Any CPU
		{F4B5CE86-1960-4635-B889-AB6137EBCC57}.Debug|Any CPU.Build.0 = Debug|Any CPU
		{F4B5CE86-1960-4635-B889-AB6137EBCC57}.Release|Any CPU.ActiveCfg = Release|Any CPU
		{F4B5CE86-1960-4635-B889-AB6137EBCC57}.Release|Any CPU.Build.0 = Release|Any CPU
	EndGlobalSection
	GlobalSection(SolutionProperties) = preSolution
		HideSolutionNode = FALSE
	EndGlobalSection
	GlobalSection(ExtensibilityGlobals) = postSolution
		SolutionGuid = {EADB9368-2549-4FC7-88BC-DA328CA2D5EE}
	EndGlobalSection
EndGlobal
